
Microsoft Visual Studio Solution File, Format Version 12.00
# Visual Studio Version 17
VisualStudioVersion = 17.4.33122.133
MinimumVisualStudioVersion = 10.0.40219.1
Project("{9A19103F-16F7-4668-BE54-9A1E7A4F7556}") = "MelissaDataAddressObjectLinuxNETSample", "MelissaDataAddressObjectLinuxNETSample.csproj", "{87B32FB1-3605-4943-9FF2-C09030B1B564}"
EndProject
Global
	GlobalSection(SolutionConfigurationPlatforms) = preSolution
		Debug|Any CPU = Debug|Any CPU
		Release|Any CPU = Release|Any CPU
	EndGlobalSection
	GlobalSection(ProjectConfigurationPlatforms) = postSolution
		{87B32FB1-3605-4943-9FF2-C09030B1B564}.Debug|Any CPU.ActiveCfg = Debug|Any CPU
		{87B32FB1-3605-4943-9FF2-C09030B1B564}.Debug|Any CPU.Build.0 = Debug|Any CPU
		{87B32FB1-3605-4943-9FF2-C09030B1B564}.Release|Any CPU.ActiveCfg = Release|Any CPU
		{87B32FB1-3605-4943-9FF2-C09030B1B564}.Release|Any CPU.Build.0 = Release|Any CPU
	EndGlobalSection
	GlobalSection(SolutionProperties) = preSolution
		HideSolutionNode = FALSE
	EndGlobalSection
	GlobalSection(ExtensibilityGlobals) = postSolution
		SolutionGuid = {23E162A9-ECEB-4031-A605-A2F2AD76CF91}
	EndGlobalSection
EndGlobal
